
Microsoft Visual Studio Solution File, Format Version 12.00
# Visual Studio Version 17
VisualStudioVersion = 17.1.32328.378
MinimumVisualStudioVersion = 10.0.40219.1
Project("{9A19103F-16F7-4668-BE54-9A1E7A4F7556}") = "AppPedidosApi", "AppPedidosApi\AppPedidosApi.csproj", "{3E85939D-2087-4119-934C-E21150DA1C61}"
EndProject
Project("{9A19103F-16F7-4668-BE54-9A1E7A4F7556}") = "AppPedidosApi.Domain", "AppPedidosApi.Domain\AppPedidosApi.Domain.csproj", "{01EF81BA-D435-4369-82F9-6971DCE6BCFE}"
EndProject
Project("{FAE04EC0-301F-11D3-BF4B-00C04F79EFBC}") = "AppPedidosApi.Infra", "AppPedidosApi.Infra\AppPedidosApi.Infra.csproj", "{37521597-465D-4137-9CAD-64ACF925467D}"
EndProject
Project("{FAE04EC0-301F-11D3-BF4B-00C04F79EFBC}") = "AppPedidosApi.Application", "AppPedidosApi.Application\AppPedidosApi.Application.csproj", "{9B0088F4-9360-4974-9B4C-ED1D0CE8B14D}"
EndProject
Global
	GlobalSection(SolutionConfigurationPlatforms) = preSolution
		Debug|Any CPU = Debug|Any CPU
		Release|Any CPU = Release|Any CPU
	EndGlobalSection
	GlobalSection(ProjectConfigurationPlatforms) = postSolution
		{3E85939D-2087-4119-934C-E21150DA1C61}.Debug|Any CPU.ActiveCfg = Debug|Any CPU
		{3E85939D-2087-4119-934C-E21150DA1C61}.Debug|Any CPU.Build.0 = Debug|Any CPU
		{3E85939D-2087-4119-934C-E21150DA1C61}.Release|Any CPU.ActiveCfg = Release|Any CPU
		{3E85939D-2087-4119-934C-E21150DA1C61}.Release|Any CPU.Build.0 = Release|Any CPU
		{01EF81BA-D435-4369-82F9-6971DCE6BCFE}.Debug|Any CPU.ActiveCfg = Debug|Any CPU
		{01EF81BA-D435-4369-82F9-6971DCE6BCFE}.Debug|Any CPU.Build.0 = Debug|Any CPU
		{01EF81BA-D435-4369-82F9-6971DCE6BCFE}.Release|Any CPU.ActiveCfg = Release|Any CPU
		{01EF81BA-D435-4369-82F9-6971DCE6BCFE}.Release|Any CPU.Build.0 = Release|Any CPU
		{37521597-465D-4137-9CAD-64ACF925467D}.Debug|Any CPU.ActiveCfg = Debug|Any CPU
		{37521597-465D-4137-9CAD-64ACF925467D}.Debug|Any CPU.Build.0 = Debug|Any CPU
		{37521597-465D-4137-9CAD-64ACF925467D}.Release|Any CPU.ActiveCfg = Release|Any CPU
		{37521597-465D-4137-9CAD-64ACF925467D}.Release|Any CPU.Build.0 = Release|Any CPU
		{9B0088F4-9360-4974-9B4C-ED1D0CE8B14D}.Debug|Any CPU.ActiveCfg = Debug|Any CPU
		{9B0088F4-9360-4974-9B4C-ED1D0CE8B14D}.Debug|Any CPU.Build.0 = Debug|Any CPU
		{9B0088F4-9360-4974-9B4C-ED1D0CE8B14D}.Release|Any CPU.ActiveCfg = Release|Any CPU
		{9B0088F4-9360-4974-9B4C-ED1D0CE8B14D}.Release|Any CPU.Build.0 = Release|Any CPU
	EndGlobalSection
	GlobalSection(SolutionProperties) = preSolution
		HideSolutionNode = FALSE
	EndGlobalSection
	GlobalSection(ExtensibilityGlobals) = postSolution
		SolutionGuid = {EDEC484F-0954-4B48-A326-349911C87AE5}
	EndGlobalSection
EndGlobal
